
Microsoft Visual Studio Solution File, Format Version 12.00
# Visual Studio Version 17
VisualStudioVersion = 17.9.34714.143
MinimumVisualStudioVersion = 10.0.40219.1
Project("{FAE04EC0-301F-11D3-BF4B-00C04F79EFBC}") = "Atividade1", "Atividade1\Atividade1.csproj", "{A5938ED7-BE61-4A70-B26D-229CB39190A7}"
EndProject
Global
	GlobalSection(SolutionConfigurationPlatforms) = preSolution
		Debug|Any CPU = Debug|Any CPU
		Release|Any CPU = Release|Any CPU
	EndGlobalSection
	GlobalSection(ProjectConfigurationPlatforms) = postSolution
		{A5938ED7-BE61-4A70-B26D-229CB39190A7}.Debug|Any CPU.ActiveCfg = Debug|Any CPU
		{A5938ED7-BE61-4A70-B26D-229CB39190A7}.Debug|Any CPU.Build.0 = Debug|Any CPU
		{A5938ED7-BE61-4A70-B26D-229CB39190A7}.Release|Any CPU.ActiveCfg = Release|Any CPU
		{A5938ED7-BE61-4A70-B26D-229CB39190A7}.Release|Any CPU.Build.0 = Release|Any CPU
	EndGlobalSection
	GlobalSection(SolutionProperties) = preSolution
		HideSolutionNode = FALSE
	EndGlobalSection
	GlobalSection(ExtensibilityGlobals) = postSolution
		SolutionGuid = {52D407B4-1F77-4D79-BCBB-308E820F78BD}
	EndGlobalSection
EndGlobal
